
Microsoft Visual Studio Solution File, Format Version 12.00
# Visual Studio Version 17
VisualStudioVersion = 17.8.34408.163
MinimumVisualStudioVersion = 10.0.40219.1
Project("{FAE04EC0-301F-11D3-BF4B-00C04F79EFBC}") = "Employee Management System Net Core API", "Employee Management System Net Core API\Employee Management System Net Core API.csproj", "{84C81016-14ED-4443-BCCF-27AA8BE353F7}"
EndProject
Global
	GlobalSection(SolutionConfigurationPlatforms) = preSolution
		Debug|Any CPU = Debug|Any CPU
		Release|Any CPU = Release|Any CPU
	EndGlobalSection
	GlobalSection(ProjectConfigurationPlatforms) = postSolution
		{84C81016-14ED-4443-BCCF-27AA8BE353F7}.Debug|Any CPU.ActiveCfg = Debug|Any CPU
		{84C81016-14ED-4443-BCCF-27AA8BE353F7}.Debug|Any CPU.Build.0 = Debug|Any CPU
		{84C81016-14ED-4443-BCCF-27AA8BE353F7}.Release|Any CPU.ActiveCfg = Release|Any CPU
		{84C81016-14ED-4443-BCCF-27AA8BE353F7}.Release|Any CPU.Build.0 = Release|Any CPU
	EndGlobalSection
	GlobalSection(SolutionProperties) = preSolution
		HideSolutionNode = FALSE
	EndGlobalSection
	GlobalSection(ExtensibilityGlobals) = postSolution
		SolutionGuid = {3F1C210F-31A2-4287-826B-487B1D3D478A}
	EndGlobalSection
EndGlobal
